
Microsoft Visual Studio Solution File, Format Version 12.00
# Visual Studio Version 17
VisualStudioVersion = 17.11.35312.102
MinimumVisualStudioVersion = 10.0.40219.1
Project("{FAE04EC0-301F-11D3-BF4B-00C04F79EFBC}") = "BlazorApp-02", "BlazorApp-02\BlazorApp-02.csproj", "{9919C86B-3D40-45F0-AB4B-E4B620FAE5FE}"
EndProject
Global
	GlobalSection(SolutionConfigurationPlatforms) = preSolution
		Debug|Any CPU = Debug|Any CPU
		Release|Any CPU = Release|Any CPU
	EndGlobalSection
	GlobalSection(ProjectConfigurationPlatforms) = postSolution
		{9919C86B-3D40-45F0-AB4B-E4B620FAE5FE}.Debug|Any CPU.ActiveCfg = Debug|Any CPU
		{9919C86B-3D40-45F0-AB4B-E4B620FAE5FE}.Debug|Any CPU.Build.0 = Debug|Any CPU
		{9919C86B-3D40-45F0-AB4B-E4B620FAE5FE}.Release|Any CPU.ActiveCfg = Release|Any CPU
		{9919C86B-3D40-45F0-AB4B-E4B620FAE5FE}.Release|Any CPU.Build.0 = Release|Any CPU
	EndGlobalSection
	GlobalSection(SolutionProperties) = preSolution
		HideSolutionNode = FALSE
	EndGlobalSection
	GlobalSection(ExtensibilityGlobals) = postSolution
		SolutionGuid = {601839F5-C054-41F5-AB20-D86043C436DA}
	EndGlobalSection
EndGlobal
